{
    "version": 3,
    "terraform_version": "0.10.7",
    "serial": 2,
    "lineage": "59334e3e-3616-47c1-a2b6-1b6eabb756a3",
    "modules": [
        {
            "path": [
                "root"
            ],
            "outputs": {},
            "resources": {
                "azurerm_availability_set.ngfavset": {
                    "type": "azurerm_availability_set",
                    "depends_on": [
                        "azurerm_resource_group.resourcegroupngf"
                    ],
                    "primary": {
                        "id": "/subscriptions/31de56f1-2378-43ae-bdf7-2c229adf2f7f/resourceGroups/JVH15-RG-NGF/providers/Microsoft.Compute/availabilitySets/JVH15-NGF-AVSET",
                        "attributes": {
                            "id": "/subscriptions/31de56f1-2378-43ae-bdf7-2c229adf2f7f/resourceGroups/JVH15-RG-NGF/providers/Microsoft.Compute/availabilitySets/JVH15-NGF-AVSET",
                            "location": "westeurope",
                            "managed": "true",
                            "name": "JVH15-NGF-AVSET",
                            "platform_fault_domain_count": "3",
                            "platform_update_domain_count": "5",
                            "resource_group_name": "JVH15-RG-NGF",
                            "tags.%": "0"
                        },
                        "meta": {},
                        "tainted": false
                    },
                    "deposed": [],
                    "provider": ""
                },
                "azurerm_lb.ngflb": {
                    "type": "azurerm_lb",
                    "depends_on": [
                        "azurerm_public_ip.ngflbpip",
                        "azurerm_resource_group.resourcegroupngf"
                    ],
                    "primary": {
                        "id": "/subscriptions/31de56f1-2378-43ae-bdf7-2c229adf2f7f/resourceGroups/JVH15-RG-NGF/providers/Microsoft.Network/loadBalancers/JVH15-LB-NGF",
                        "attributes": {
                            "frontend_ip_configuration.#": "1",
                            "frontend_ip_configuration.0.inbound_nat_rules.#": "0",
                            "frontend_ip_configuration.0.load_balancer_rules.#": "0",
                            "frontend_ip_configuration.0.name": "JVH15-LB-NGF-PIP",
                            "frontend_ip_configuration.0.private_ip_address": "",
                            "frontend_ip_configuration.0.private_ip_address_allocation": "Dynamic",
                            "frontend_ip_configuration.0.public_ip_address_id": "/subscriptions/31de56f1-2378-43ae-bdf7-2c229adf2f7f/resourceGroups/JVH15-RG-NGF/providers/Microsoft.Network/publicIPAddresses/JVH15-LB-NGF-PIP",
                            "frontend_ip_configuration.0.subnet_id": "",
                            "id": "/subscriptions/31de56f1-2378-43ae-bdf7-2c229adf2f7f/resourceGroups/JVH15-RG-NGF/providers/Microsoft.Network/loadBalancers/JVH15-LB-NGF",
                            "location": "westeurope",
                            "name": "JVH15-LB-NGF",
                            "resource_group_name": "JVH15-RG-NGF",
                            "tags.%": "0"
                        },
                        "meta": {},
                        "tainted": false
                    },
                    "deposed": [],
                    "provider": ""
                },
                "azurerm_lb_backend_address_pool.ngflbbackend": {
                    "type": "azurerm_lb_backend_address_pool",
                    "depends_on": [
                        "azurerm_lb.ngflb",
                        "azurerm_resource_group.resourcegroupngf"
                    ],
                    "primary": {
                        "id": "/subscriptions/31de56f1-2378-43ae-bdf7-2c229adf2f7f/resourceGroups/JVH15-RG-NGF/providers/Microsoft.Network/loadBalancers/JVH15-LB-NGF/backendAddressPools/BackEndAddressPool",
                        "attributes": {
                            "backend_ip_configurations.#": "0",
                            "id": "/subscriptions/31de56f1-2378-43ae-bdf7-2c229adf2f7f/resourceGroups/JVH15-RG-NGF/providers/Microsoft.Network/loadBalancers/JVH15-LB-NGF/backendAddressPools/BackEndAddressPool",
                            "load_balancing_rules.#": "0",
                            "loadbalancer_id": "/subscriptions/31de56f1-2378-43ae-bdf7-2c229adf2f7f/resourceGroups/JVH15-RG-NGF/providers/Microsoft.Network/loadBalancers/JVH15-LB-NGF",
                            "name": "BackEndAddressPool",
                            "resource_group_name": "JVH15-RG-NGF"
                        },
                        "meta": {},
                        "tainted": false
                    },
                    "deposed": [],
                    "provider": ""
                },
                "azurerm_lb_probe.ngflbprobe": {
                    "type": "azurerm_lb_probe",
                    "depends_on": [
                        "azurerm_lb.ngflb",
                        "azurerm_resource_group.resourcegroupngf"
                    ],
                    "primary": {
                        "id": "/subscriptions/31de56f1-2378-43ae-bdf7-2c229adf2f7f/resourceGroups/JVH15-RG-NGF/providers/Microsoft.Network/loadBalancers/JVH15-LB-NGF/probes/TINA-TCP-PROBE",
                        "attributes": {
                            "id": "/subscriptions/31de56f1-2378-43ae-bdf7-2c229adf2f7f/resourceGroups/JVH15-RG-NGF/providers/Microsoft.Network/loadBalancers/JVH15-LB-NGF/probes/TINA-TCP-PROBE",
                            "interval_in_seconds": "15",
                            "load_balancer_rules.#": "0",
                            "loadbalancer_id": "/subscriptions/31de56f1-2378-43ae-bdf7-2c229adf2f7f/resourceGroups/JVH15-RG-NGF/providers/Microsoft.Network/loadBalancers/JVH15-LB-NGF",
                            "name": "TINA-TCP-PROBE",
                            "number_of_probes": "2",
                            "port": "691",
                            "protocol": "Tcp",
                            "request_path": "",
                            "resource_group_name": "JVH15-RG-NGF"
                        },
                        "meta": {},
                        "tainted": false
                    },
                    "deposed": [],
                    "provider": ""
                },
                "azurerm_lb_rule.ngflbruleipsecike": {
                    "type": "azurerm_lb_rule",
                    "depends_on": [
                        "azurerm_lb.ngflb",
                        "azurerm_lb_backend_address_pool.ngflbbackend",
                        "azurerm_lb_probe.ngflbprobe",
                        "azurerm_resource_group.resourcegroupngf"
                    ],
                    "primary": {
                        "id": "/subscriptions/31de56f1-2378-43ae-bdf7-2c229adf2f7f/resourceGroups/JVH15-RG-NGF/providers/Microsoft.Network/loadBalancers/JVH15-LB-NGF/loadBalancingRules/IPSEC-IKE",
                        "attributes": {
                            "backend_address_pool_id": "/subscriptions/31de56f1-2378-43ae-bdf7-2c229adf2f7f/resourceGroups/JVH15-RG-NGF/providers/Microsoft.Network/loadBalancers/JVH15-LB-NGF/backendAddressPools/BackEndAddressPool",
                            "backend_port": "500",
                            "enable_floating_ip": "false",
                            "frontend_ip_configuration_id": "/subscriptions/31de56f1-2378-43ae-bdf7-2c229adf2f7f/resourceGroups/JVH15-RG-NGF/providers/Microsoft.Network/loadBalancers/JVH15-LB-NGF/frontendIPConfigurations/JVH15-LB-NGF-PIP",
                            "frontend_ip_configuration_name": "JVH15-LB-NGF-PIP",
                            "frontend_port": "500",
                            "id": "/subscriptions/31de56f1-2378-43ae-bdf7-2c229adf2f7f/resourceGroups/JVH15-RG-NGF/providers/Microsoft.Network/loadBalancers/JVH15-LB-NGF/loadBalancingRules/IPSEC-IKE",
                            "idle_timeout_in_minutes": "4",
                            "load_distribution": "Default",
                            "loadbalancer_id": "/subscriptions/31de56f1-2378-43ae-bdf7-2c229adf2f7f/resourceGroups/JVH15-RG-NGF/providers/Microsoft.Network/loadBalancers/JVH15-LB-NGF",
                            "name": "IPSEC-IKE",
                            "probe_id": "/subscriptions/31de56f1-2378-43ae-bdf7-2c229adf2f7f/resourceGroups/JVH15-RG-NGF/providers/Microsoft.Network/loadBalancers/JVH15-LB-NGF/probes/TINA-TCP-PROBE",
                            "protocol": "Udp",
                            "resource_group_name": "JVH15-RG-NGF"
                        },
                        "meta": {},
                        "tainted": false
                    },
                    "deposed": [],
                    "provider": ""
                },
                "azurerm_lb_rule.ngflbruleipsecnatt": {
                    "type": "azurerm_lb_rule",
                    "depends_on": [
                        "azurerm_lb.ngflb",
                        "azurerm_lb_backend_address_pool.ngflbbackend",
                        "azurerm_lb_probe.ngflbprobe",
                        "azurerm_resource_group.resourcegroupngf"
                    ],
                    "primary": {
                        "id": "/subscriptions/31de56f1-2378-43ae-bdf7-2c229adf2f7f/resourceGroups/JVH15-RG-NGF/providers/Microsoft.Network/loadBalancers/JVH15-LB-NGF/loadBalancingRules/IPSEC-NATT",
                        "attributes": {
                            "backend_address_pool_id": "/subscriptions/31de56f1-2378-43ae-bdf7-2c229adf2f7f/resourceGroups/JVH15-RG-NGF/providers/Microsoft.Network/loadBalancers/JVH15-LB-NGF/backendAddressPools/BackEndAddressPool",
                            "backend_port": "4500",
                            "enable_floating_ip": "false",
                            "frontend_ip_configuration_id": "/subscriptions/31de56f1-2378-43ae-bdf7-2c229adf2f7f/resourceGroups/JVH15-RG-NGF/providers/Microsoft.Network/loadBalancers/JVH15-LB-NGF/frontendIPConfigurations/JVH15-LB-NGF-PIP",
                            "frontend_ip_configuration_name": "JVH15-LB-NGF-PIP",
                            "frontend_port": "4500",
                            "id": "/subscriptions/31de56f1-2378-43ae-bdf7-2c229adf2f7f/resourceGroups/JVH15-RG-NGF/providers/Microsoft.Network/loadBalancers/JVH15-LB-NGF/loadBalancingRules/IPSEC-NATT",
                            "idle_timeout_in_minutes": "4",
                            "load_distribution": "Default",
                            "loadbalancer_id": "/subscriptions/31de56f1-2378-43ae-bdf7-2c229adf2f7f/resourceGroups/JVH15-RG-NGF/providers/Microsoft.Network/loadBalancers/JVH15-LB-NGF",
                            "name": "IPSEC-NATT",
                            "probe_id": "/subscriptions/31de56f1-2378-43ae-bdf7-2c229adf2f7f/resourceGroups/JVH15-RG-NGF/providers/Microsoft.Network/loadBalancers/JVH15-LB-NGF/probes/TINA-TCP-PROBE",
                            "protocol": "Udp",
                            "resource_group_name": "JVH15-RG-NGF"
                        },
                        "meta": {},
                        "tainted": false
                    },
                    "deposed": [],
                    "provider": ""
                },
                "azurerm_lb_rule.ngflbruletinatcp": {
                    "type": "azurerm_lb_rule",
                    "depends_on": [
                        "azurerm_lb.ngflb",
                        "azurerm_lb_backend_address_pool.ngflbbackend",
                        "azurerm_lb_probe.ngflbprobe",
                        "azurerm_resource_group.resourcegroupngf"
                    ],
                    "primary": {
                        "id": "/subscriptions/31de56f1-2378-43ae-bdf7-2c229adf2f7f/resourceGroups/JVH15-RG-NGF/providers/Microsoft.Network/loadBalancers/JVH15-LB-NGF/loadBalancingRules/TINA-TCP",
                        "attributes": {
                            "backend_address_pool_id": "/subscriptions/31de56f1-2378-43ae-bdf7-2c229adf2f7f/resourceGroups/JVH15-RG-NGF/providers/Microsoft.Network/loadBalancers/JVH15-LB-NGF/backendAddressPools/BackEndAddressPool",
                            "backend_port": "691",
                            "enable_floating_ip": "false",
                            "frontend_ip_configuration_id": "/subscriptions/31de56f1-2378-43ae-bdf7-2c229adf2f7f/resourceGroups/JVH15-RG-NGF/providers/Microsoft.Network/loadBalancers/JVH15-LB-NGF/frontendIPConfigurations/JVH15-LB-NGF-PIP",
                            "frontend_ip_configuration_name": "JVH15-LB-NGF-PIP",
                            "frontend_port": "691",
                            "id": "/subscriptions/31de56f1-2378-43ae-bdf7-2c229adf2f7f/resourceGroups/JVH15-RG-NGF/providers/Microsoft.Network/loadBalancers/JVH15-LB-NGF/loadBalancingRules/TINA-TCP",
                            "idle_timeout_in_minutes": "4",
                            "load_distribution": "Default",
                            "loadbalancer_id": "/subscriptions/31de56f1-2378-43ae-bdf7-2c229adf2f7f/resourceGroups/JVH15-RG-NGF/providers/Microsoft.Network/loadBalancers/JVH15-LB-NGF",
                            "name": "TINA-TCP",
                            "probe_id": "/subscriptions/31de56f1-2378-43ae-bdf7-2c229adf2f7f/resourceGroups/JVH15-RG-NGF/providers/Microsoft.Network/loadBalancers/JVH15-LB-NGF/probes/TINA-TCP-PROBE",
                            "protocol": "Tcp",
                            "resource_group_name": "JVH15-RG-NGF"
                        },
                        "meta": {},
                        "tainted": false
                    },
                    "deposed": [],
                    "provider": ""
                },
                "azurerm_lb_rule.ngflbruletinaudp": {
                    "type": "azurerm_lb_rule",
                    "depends_on": [
                        "azurerm_lb.ngflb",
                        "azurerm_lb_backend_address_pool.ngflbbackend",
                        "azurerm_lb_probe.ngflbprobe",
                        "azurerm_resource_group.resourcegroupngf"
                    ],
                    "primary": {
                        "id": "/subscriptions/31de56f1-2378-43ae-bdf7-2c229adf2f7f/resourceGroups/JVH15-RG-NGF/providers/Microsoft.Network/loadBalancers/JVH15-LB-NGF/loadBalancingRules/TINA-UDP",
                        "attributes": {
                            "backend_address_pool_id": "/subscriptions/31de56f1-2378-43ae-bdf7-2c229adf2f7f/resourceGroups/JVH15-RG-NGF/providers/Microsoft.Network/loadBalancers/JVH15-LB-NGF/backendAddressPools/BackEndAddressPool",
                            "backend_port": "691",
                            "enable_floating_ip": "false",
                            "frontend_ip_configuration_id": "/subscriptions/31de56f1-2378-43ae-bdf7-2c229adf2f7f/resourceGroups/JVH15-RG-NGF/providers/Microsoft.Network/loadBalancers/JVH15-LB-NGF/frontendIPConfigurations/JVH15-LB-NGF-PIP",
                            "frontend_ip_configuration_name": "JVH15-LB-NGF-PIP",
                            "frontend_port": "691",
                            "id": "/subscriptions/31de56f1-2378-43ae-bdf7-2c229adf2f7f/resourceGroups/JVH15-RG-NGF/providers/Microsoft.Network/loadBalancers/JVH15-LB-NGF/loadBalancingRules/TINA-UDP",
                            "idle_timeout_in_minutes": "4",
                            "load_distribution": "Default",
                            "loadbalancer_id": "/subscriptions/31de56f1-2378-43ae-bdf7-2c229adf2f7f/resourceGroups/JVH15-RG-NGF/providers/Microsoft.Network/loadBalancers/JVH15-LB-NGF",
                            "name": "TINA-UDP",
                            "probe_id": "/subscriptions/31de56f1-2378-43ae-bdf7-2c229adf2f7f/resourceGroups/JVH15-RG-NGF/providers/Microsoft.Network/loadBalancers/JVH15-LB-NGF/probes/TINA-TCP-PROBE",
                            "protocol": "Udp",
                            "resource_group_name": "JVH15-RG-NGF"
                        },
                        "meta": {},
                        "tainted": false
                    },
                    "deposed": [],
                    "provider": ""
                },
                "azurerm_network_interface.ngfifc": {
                    "type": "azurerm_network_interface",
                    "depends_on": [
                        "azurerm_public_ip.ngfpip",
                        "azurerm_resource_group.resourcegroupngf",
                        "azurerm_subnet.subnet1"
                    ],
                    "primary": {
                        "id": "/subscriptions/31de56f1-2378-43ae-bdf7-2c229adf2f7f/resourceGroups/JVH15-RG-NGF/providers/Microsoft.Network/networkInterfaces/JVH15-VM-NGF-IFC",
                        "attributes": {
                            "applied_dns_servers.#": "0",
                            "dns_servers.#": "0",
                            "enable_ip_forwarding": "true",
                            "id": "/subscriptions/31de56f1-2378-43ae-bdf7-2c229adf2f7f/resourceGroups/JVH15-RG-NGF/providers/Microsoft.Network/networkInterfaces/JVH15-VM-NGF-IFC",
                            "internal_dns_name_label": "",
                            "ip_configuration.#": "1",
                            "ip_configuration.0.load_balancer_backend_address_pools_ids.#": "0",
                            "ip_configuration.0.load_balancer_inbound_nat_rules_ids.#": "0",
                            "ip_configuration.0.name": "interface1",
                            "ip_configuration.0.primary": "true",
                            "ip_configuration.0.private_ip_address": "172.16.136.4",
                            "ip_configuration.0.private_ip_address_allocation": "static",
                            "ip_configuration.0.public_ip_address_id": "/subscriptions/31de56f1-2378-43ae-bdf7-2c229adf2f7f/resourceGroups/JVH15-RG-NGF/providers/Microsoft.Network/publicIPAddresses/JVH15-VM-NGF-PIP",
                            "ip_configuration.0.subnet_id": "/subscriptions/31de56f1-2378-43ae-bdf7-2c229adf2f7f/resourceGroups/JVH15-RG-VNET/providers/Microsoft.Network/virtualNetworks/JVH15-VNET/subnets/JVH15-SUBNET-NGF",
                            "location": "westeurope",
                            "name": "JVH15-VM-NGF-IFC",
                            "network_security_group_id": "",
                            "private_ip_address": "172.16.136.4",
                            "private_ip_addresses.#": "1",
                            "private_ip_addresses.0": "172.16.136.4",
                            "resource_group_name": "JVH15-RG-NGF",
                            "tags.%": "0"
                        },
                        "meta": {},
                        "tainted": false
                    },
                    "deposed": [],
                    "provider": ""
                },
                "azurerm_network_interface.ngfifcb": {
                    "type": "azurerm_network_interface",
                    "depends_on": [
                        "azurerm_lb_backend_address_pool.ngflbbackend",
                        "azurerm_public_ip.ngfpipb",
                        "azurerm_resource_group.resourcegroupngf",
                        "azurerm_subnet.subnet1"
                    ],
                    "primary": {
                        "id": "/subscriptions/31de56f1-2378-43ae-bdf7-2c229adf2f7f/resourceGroups/JVH15-RG-NGF/providers/Microsoft.Network/networkInterfaces/JVH15-VM-NGF-B-IFC",
                        "attributes": {
                            "applied_dns_servers.#": "0",
                            "dns_servers.#": "0",
                            "enable_ip_forwarding": "true",
                            "id": "/subscriptions/31de56f1-2378-43ae-bdf7-2c229adf2f7f/resourceGroups/JVH15-RG-NGF/providers/Microsoft.Network/networkInterfaces/JVH15-VM-NGF-B-IFC",
                            "internal_dns_name_label": "",
                            "ip_configuration.#": "1",
                            "ip_configuration.0.load_balancer_backend_address_pools_ids.#": "1",
                            "ip_configuration.0.load_balancer_backend_address_pools_ids.4073925085": "/subscriptions/31de56f1-2378-43ae-bdf7-2c229adf2f7f/resourceGroups/JVH15-RG-NGF/providers/Microsoft.Network/loadBalancers/JVH15-LB-NGF/backendAddressPools/BackEndAddressPool",
                            "ip_configuration.0.load_balancer_inbound_nat_rules_ids.#": "0",
                            "ip_configuration.0.name": "interface1",
                            "ip_configuration.0.primary": "true",
                            "ip_configuration.0.private_ip_address": "172.16.136.5",
                            "ip_configuration.0.private_ip_address_allocation": "static",
                            "ip_configuration.0.public_ip_address_id": "/subscriptions/31de56f1-2378-43ae-bdf7-2c229adf2f7f/resourceGroups/JVH15-RG-NGF/providers/Microsoft.Network/publicIPAddresses/JVH15-VM-NGF-B-PIP",
                            "ip_configuration.0.subnet_id": "/subscriptions/31de56f1-2378-43ae-bdf7-2c229adf2f7f/resourceGroups/JVH15-RG-VNET/providers/Microsoft.Network/virtualNetworks/JVH15-VNET/subnets/JVH15-SUBNET-NGF",
                            "location": "westeurope",
                            "name": "JVH15-VM-NGF-B-IFC",
                            "network_security_group_id": "",
                            "private_ip_address": "172.16.136.5",
                            "private_ip_addresses.#": "1",
                            "private_ip_addresses.0": "172.16.136.5",
                            "resource_group_name": "JVH15-RG-NGF",
                            "tags.%": "0"
                        },
                        "meta": {},
                        "tainted": false
                    },
                    "deposed": [],
                    "provider": ""
                },
                "azurerm_public_ip.ngflbpip": {
                    "type": "azurerm_public_ip",
                    "depends_on": [
                        "azurerm_resource_group.resourcegroupngf"
                    ],
                    "primary": {
                        "id": "/subscriptions/31de56f1-2378-43ae-bdf7-2c229adf2f7f/resourceGroups/JVH15-RG-NGF/providers/Microsoft.Network/publicIPAddresses/JVH15-LB-NGF-PIP",
                        "attributes": {
                            "id": "/subscriptions/31de56f1-2378-43ae-bdf7-2c229adf2f7f/resourceGroups/JVH15-RG-NGF/providers/Microsoft.Network/publicIPAddresses/JVH15-LB-NGF-PIP",
                            "ip_address": "52.236.171.14",
                            "location": "westeurope",
                            "name": "JVH15-LB-NGF-PIP",
                            "public_ip_address_allocation": "static",
                            "resource_group_name": "JVH15-RG-NGF",
                            "tags.%": "0"
                        },
                        "meta": {},
                        "tainted": false
                    },
                    "deposed": [],
                    "provider": ""
                },
                "azurerm_public_ip.ngfpip": {
                    "type": "azurerm_public_ip",
                    "depends_on": [
                        "azurerm_resource_group.resourcegroupngf"
                    ],
                    "primary": {
                        "id": "/subscriptions/31de56f1-2378-43ae-bdf7-2c229adf2f7f/resourceGroups/JVH15-RG-NGF/providers/Microsoft.Network/publicIPAddresses/JVH15-VM-NGF-PIP",
                        "attributes": {
                            "id": "/subscriptions/31de56f1-2378-43ae-bdf7-2c229adf2f7f/resourceGroups/JVH15-RG-NGF/providers/Microsoft.Network/publicIPAddresses/JVH15-VM-NGF-PIP",
                            "ip_address": "52.236.168.182",
                            "location": "westeurope",
                            "name": "JVH15-VM-NGF-PIP",
                            "public_ip_address_allocation": "static",
                            "resource_group_name": "JVH15-RG-NGF",
                            "tags.%": "0"
                        },
                        "meta": {},
                        "tainted": false
                    },
                    "deposed": [],
                    "provider": ""
                },
                "azurerm_public_ip.ngfpipa": {
                    "type": "azurerm_public_ip",
                    "depends_on": [
                        "azurerm_resource_group.resourcegroupngf"
                    ],
                    "primary": {
                        "id": "/subscriptions/31de56f1-2378-43ae-bdf7-2c229adf2f7f/resourceGroups/JVH15-RG-NGF/providers/Microsoft.Network/publicIPAddresses/JVH15-VM-NGF-A-PIP",
                        "attributes": {
                            "id": "/subscriptions/31de56f1-2378-43ae-bdf7-2c229adf2f7f/resourceGroups/JVH15-RG-NGF/providers/Microsoft.Network/publicIPAddresses/JVH15-VM-NGF-A-PIP",
                            "ip_address": "52.236.170.160",
                            "location": "westeurope",
                            "name": "JVH15-VM-NGF-A-PIP",
                            "public_ip_address_allocation": "static",
                            "resource_group_name": "JVH15-RG-NGF",
                            "tags.%": "0"
                        },
                        "meta": {},
                        "tainted": false
                    },
                    "deposed": [],
                    "provider": ""
                },
                "azurerm_public_ip.ngfpipb": {
                    "type": "azurerm_public_ip",
                    "depends_on": [
                        "azurerm_resource_group.resourcegroupngf"
                    ],
                    "primary": {
                        "id": "/subscriptions/31de56f1-2378-43ae-bdf7-2c229adf2f7f/resourceGroups/JVH15-RG-NGF/providers/Microsoft.Network/publicIPAddresses/JVH15-VM-NGF-B-PIP",
                        "attributes": {
                            "id": "/subscriptions/31de56f1-2378-43ae-bdf7-2c229adf2f7f/resourceGroups/JVH15-RG-NGF/providers/Microsoft.Network/publicIPAddresses/JVH15-VM-NGF-B-PIP",
                            "ip_address": "52.236.168.52",
                            "location": "westeurope",
                            "name": "JVH15-VM-NGF-B-PIP",
                            "public_ip_address_allocation": "static",
                            "resource_group_name": "JVH15-RG-NGF",
                            "tags.%": "0"
                        },
                        "meta": {},
                        "tainted": false
                    },
                    "deposed": [],
                    "provider": ""
                },
                "azurerm_resource_group.resourcegroupngf": {
                    "type": "azurerm_resource_group",
                    "depends_on": [],
                    "primary": {
                        "id": "/subscriptions/31de56f1-2378-43ae-bdf7-2c229adf2f7f/resourceGroups/JVH15-RG-NGF",
                        "attributes": {
                            "id": "/subscriptions/31de56f1-2378-43ae-bdf7-2c229adf2f7f/resourceGroups/JVH15-RG-NGF",
                            "location": "westeurope",
                            "name": "JVH15-RG-NGF",
                            "tags.%": "0"
                        },
                        "meta": {},
                        "tainted": false
                    },
                    "deposed": [],
                    "provider": ""
                },
                "azurerm_resource_group.resourcegroupvnet": {
                    "type": "azurerm_resource_group",
                    "depends_on": [],
                    "primary": {
                        "id": "/subscriptions/31de56f1-2378-43ae-bdf7-2c229adf2f7f/resourceGroups/JVH15-RG-VNET",
                        "attributes": {
                            "id": "/subscriptions/31de56f1-2378-43ae-bdf7-2c229adf2f7f/resourceGroups/JVH15-RG-VNET",
                            "location": "westeurope",
                            "name": "JVH15-RG-VNET",
                            "tags.%": "0"
                        },
                        "meta": {},
                        "tainted": false
                    },
                    "deposed": [],
                    "provider": ""
                },
                "azurerm_route_table.backendroute": {
                    "type": "azurerm_route_table",
                    "depends_on": [
                        "azurerm_resource_group.resourcegroupvnet"
                    ],
                    "primary": {
                        "id": "/subscriptions/31de56f1-2378-43ae-bdf7-2c229adf2f7f/resourceGroups/JVH15-RG-VNET/providers/Microsoft.Network/routeTables/JVH15-RT-BACKEND",
                        "attributes": {
                            "id": "/subscriptions/31de56f1-2378-43ae-bdf7-2c229adf2f7f/resourceGroups/JVH15-RG-VNET/providers/Microsoft.Network/routeTables/JVH15-RT-BACKEND",
                            "location": "westeurope",
                            "name": "JVH15-RT-BACKEND",
                            "resource_group_name": "JVH15-RG-VNET",
                            "route.#": "2",
                            "route.0.address_prefix": "0.0.0.0/0",
                            "route.0.name": "JVH15-BackendToInternet",
                            "route.0.next_hop_in_ip_address": "172.16.136.4",
                            "route.0.next_hop_type": "VirtualAppliance",
                            "route.1.address_prefix": "172.16.137.0/24",
                            "route.1.name": "JVH15-BackendToFrontend",
                            "route.1.next_hop_in_ip_address": "172.16.136.4",
                            "route.1.next_hop_type": "VirtualAppliance",
                            "subnets.#": "0",
                            "tags.%": "0"
                        },
                        "meta": {},
                        "tainted": false
                    },
                    "deposed": [],
                    "provider": ""
                },
                "azurerm_route_table.frontendroute": {
                    "type": "azurerm_route_table",
                    "depends_on": [
                        "azurerm_resource_group.resourcegroupvnet"
                    ],
                    "primary": {
                        "id": "/subscriptions/31de56f1-2378-43ae-bdf7-2c229adf2f7f/resourceGroups/JVH15-RG-VNET/providers/Microsoft.Network/routeTables/JVH15-RT-FRONTEND",
                        "attributes": {
                            "id": "/subscriptions/31de56f1-2378-43ae-bdf7-2c229adf2f7f/resourceGroups/JVH15-RG-VNET/providers/Microsoft.Network/routeTables/JVH15-RT-FRONTEND",
                            "location": "westeurope",
                            "name": "JVH15-RT-FRONTEND",
                            "resource_group_name": "JVH15-RG-VNET",
                            "route.#": "2",
                            "route.0.address_prefix": "0.0.0.0/0",
                            "route.0.name": "JVH15-BackendToInternet",
                            "route.0.next_hop_in_ip_address": "172.16.136.4",
                            "route.0.next_hop_type": "VirtualAppliance",
                            "route.1.address_prefix": "172.16.138.0/24",
                            "route.1.name": "JVH15-FrontendToBackend",
                            "route.1.next_hop_in_ip_address": "172.16.136.4",
                            "route.1.next_hop_type": "VirtualAppliance",
                            "subnets.#": "0",
                            "tags.%": "0"
                        },
                        "meta": {},
                        "tainted": false
                    },
                    "deposed": [],
                    "provider": ""
                },
                "azurerm_subnet.subnet1": {
                    "type": "azurerm_subnet",
                    "depends_on": [
                        "azurerm_resource_group.resourcegroupvnet",
                        "azurerm_virtual_network.vnet"
                    ],
                    "primary": {
                        "id": "/subscriptions/31de56f1-2378-43ae-bdf7-2c229adf2f7f/resourceGroups/JVH15-RG-VNET/providers/Microsoft.Network/virtualNetworks/JVH15-VNET/subnets/JVH15-SUBNET-NGF",
                        "attributes": {
                            "address_prefix": "172.16.136.0/24",
                            "id": "/subscriptions/31de56f1-2378-43ae-bdf7-2c229adf2f7f/resourceGroups/JVH15-RG-VNET/providers/Microsoft.Network/virtualNetworks/JVH15-VNET/subnets/JVH15-SUBNET-NGF",
                            "ip_configurations.#": "0",
                            "name": "JVH15-SUBNET-NGF",
                            "resource_group_name": "JVH15-RG-VNET",
                            "virtual_network_name": "JVH15-VNET"
                        },
                        "meta": {},
                        "tainted": false
                    },
                    "deposed": [],
                    "provider": ""
                },
                "azurerm_subnet.subnet2": {
                    "type": "azurerm_subnet",
                    "depends_on": [
                        "azurerm_resource_group.resourcegroupvnet",
                        "azurerm_virtual_network.vnet"
                    ],
                    "primary": {
                        "id": "/subscriptions/31de56f1-2378-43ae-bdf7-2c229adf2f7f/resourceGroups/JVH15-RG-VNET/providers/Microsoft.Network/virtualNetworks/JVH15-VNET/subnets/JVH15-SUBNET-FRONTEND",
                        "attributes": {
                            "address_prefix": "172.16.137.0/24",
                            "id": "/subscriptions/31de56f1-2378-43ae-bdf7-2c229adf2f7f/resourceGroups/JVH15-RG-VNET/providers/Microsoft.Network/virtualNetworks/JVH15-VNET/subnets/JVH15-SUBNET-FRONTEND",
                            "ip_configurations.#": "0",
                            "name": "JVH15-SUBNET-FRONTEND",
                            "resource_group_name": "JVH15-RG-VNET",
                            "virtual_network_name": "JVH15-VNET"
                        },
                        "meta": {},
                        "tainted": false
                    },
                    "deposed": [],
                    "provider": ""
                },
                "azurerm_subnet.subnet3": {
                    "type": "azurerm_subnet",
                    "depends_on": [
                        "azurerm_resource_group.resourcegroupvnet",
                        "azurerm_virtual_network.vnet"
                    ],
                    "primary": {
                        "id": "/subscriptions/31de56f1-2378-43ae-bdf7-2c229adf2f7f/resourceGroups/JVH15-RG-VNET/providers/Microsoft.Network/virtualNetworks/JVH15-VNET/subnets/JVH15-SUBNET-BACKEND",
                        "attributes": {
                            "address_prefix": "172.16.138.0/24",
                            "id": "/subscriptions/31de56f1-2378-43ae-bdf7-2c229adf2f7f/resourceGroups/JVH15-RG-VNET/providers/Microsoft.Network/virtualNetworks/JVH15-VNET/subnets/JVH15-SUBNET-BACKEND",
                            "ip_configurations.#": "0",
                            "name": "JVH15-SUBNET-BACKEND",
                            "resource_group_name": "JVH15-RG-VNET",
                            "virtual_network_name": "JVH15-VNET"
                        },
                        "meta": {},
                        "tainted": false
                    },
                    "deposed": [],
                    "provider": ""
                },
                "azurerm_virtual_network.vnet": {
                    "type": "azurerm_virtual_network",
                    "depends_on": [
                        "azurerm_resource_group.resourcegroupvnet"
                    ],
                    "primary": {
                        "id": "/subscriptions/31de56f1-2378-43ae-bdf7-2c229adf2f7f/resourceGroups/JVH15-RG-VNET/providers/Microsoft.Network/virtualNetworks/JVH15-VNET",
                        "attributes": {
                            "address_space.#": "1",
                            "address_space.0": "172.16.136.0/22",
                            "dns_servers.#": "0",
                            "id": "/subscriptions/31de56f1-2378-43ae-bdf7-2c229adf2f7f/resourceGroups/JVH15-RG-VNET/providers/Microsoft.Network/virtualNetworks/JVH15-VNET",
                            "location": "westeurope",
                            "name": "JVH15-VNET",
                            "resource_group_name": "JVH15-RG-VNET",
                            "subnet.#": "0",
                            "tags.%": "0"
                        },
                        "meta": {},
                        "tainted": false
                    },
                    "deposed": [],
                    "provider": ""
                }
            },
            "depends_on": []
        }
    ]
}
